// !$*UTF8*$!
{
	archiveVersion = 1;
	classes = {
	};
	objectVersion = 46;
	objects = {

/* Begin PBXBuildFile section */
		77DB9BE11AA90190001EAB7A /* AppDelegate.swift in Sources */ = {isa = PBXBuildFile; fileRef = 77DB9BE01AA90190001EAB7A /* AppDelegate.swift */; };
		77DB9BE31AA90190001EAB7A /* ViewController.swift in Sources */ = {isa = PBXBuildFile; fileRef = 77DB9BE21AA90190001EAB7A /* ViewController.swift */; };
		77DB9BE61AA90190001EAB7A /* Main.storyboard in Resources */ = {isa = PBXBuildFile; fileRef = 77DB9BE41AA90190001EAB7A /* Main.storyboard */; };
		77DB9BE81AA90190001EAB7A /* Images.xcassets in Resources */ = {isa = PBXBuildFile; fileRef = 77DB9BE71AA90190001EAB7A /* Images.xcassets */; };
		77DB9BEB1AA90190001EAB7A /* LaunchScreen.xib in Resources */ = {isa = PBXBuildFile; fileRef = 77DB9BE91AA90190001EAB7A /* LaunchScreen.xib */; };
		77DB9BF71AA90190001EAB7A /* TestingShipIOTests.swift in Sources */ = {isa = PBXBuildFile; fileRef = 77DB9BF61AA90190001EAB7A /* TestingShipIOTests.swift */; };
/* End PBXBuildFile section */

/* Begin PBXContainerItemProxy section */
		77DB9BF11AA90190001EAB7A /* PBXContainerItemProxy */ = {
			isa = PBXContainerItemProxy;
			containerPortal = 77DB9BD31AA90190001EAB7A /* Project object */;
			proxyType = 1;
			remoteGlobalIDString = 77DB9BDA1AA90190001EAB7A;
			remoteInfo = TestingShipIO;
		};
/* End PBXContainerItemProxy section */

/* Begin PBXFileReference section */
		77DB9BDB1AA90190001EAB7A /* TestingShipIO.app */ = {isa = PBXFileReference; explicitFileType = wrapper.application; includeInIndex = 0; path = TestingShipIO.app; sourceTree = BUILT_PRODUCTS_DIR; };
		77DB9BDF1AA90190001EAB7A /* Info.plist */ = {isa = PBXFileReference; lastKnownFileType = text.plist.xml; path = Info.plist; sourceTree = "<group>"; };
		77DB9BE01AA90190001EAB7A /* AppDelegate.swift */ = {isa = PBXFileReference; lastKnownFileType = sourcecode.swift; path = AppDelegate.swift; sourceTree = "<group>"; };
		77DB9BE21AA90190001EAB7A /* ViewController.swift */ = {isa = PBXFileReference; lastKnownFileType = sourcecode.swift; path = ViewController.swift; sourceTree = "<group>"; };
		77DB9BE51AA90190001EAB7A /* Base */ = {isa = PBXFileReference; lastKnownFileType = file.storyboard; name = Base; path = Base.lproj/Main.storyboard; sourceTree = "<group>"; };
		77DB9BE71AA90190001EAB7A /* Images.xcassets */ = {isa = PBXFileReference; lastKnownFileType = folder.assetcatalog; path = Images.xcassets; sourceTree = "<group>"; };
		77DB9BEA1AA90190001EAB7A /* Base */ = {isa = PBXFileReference; lastKnownFileType = file.xib; name = Base; path = Base.lproj/LaunchScreen.xib; sourceTree = "<group>"; };
		77DB9BF01AA90190001EAB7A /* TestingShipIOTests.xctest */ = {isa = PBXFileReference; explicitFileType = wrapper.cfbundle; includeInIndex = 0; path = TestingShipIOTests.xctest; sourceTree = BUILT_PRODUCTS_DIR; };
		77DB9BF51AA90190001EAB7A /* Info.plist */ = {isa = PBXFileReference; lastKnownFileType = text.plist.xml; path = Info.plist; sourceTree = "<group>"; };
		77DB9BF61AA90190001EAB7A /* TestingShipIOTests.swift */ = {isa = PBXFileReference; lastKnownFileType = sourcecode.swift; path = TestingShipIOTests.swift; sourceTree = "<group>"; };
/* End PBXFileReference section */

/* Begin PBXFrameworksBuildPhase section */
		77DB9BD81AA90190001EAB7A /* Frameworks */ = {
			isa = PBXFrameworksBuildPhase;
			buildActionMask = 2147483647;
			files = (
			);
			runOnlyForDeploymentPostprocessing = 0;
		};
		77DB9BED1AA90190001EAB7A /* Frameworks */ = {
			isa = PBXFrameworksBuildPhase;
			buildActionMask = 2147483647;
			files = (
			);
			runOnlyForDeploymentPostprocessing = 0;
		};
/* End PBXFrameworksBuildPhase section */

/* Begin PBXGroup section */
		77DB9BD21AA90190001EAB7A = {
			isa = PBXGroup;
			children = (
				77DB9BDD1AA90190001EAB7A /* TestingShipIO */,
				77DB9BF31AA90190001EAB7A /* TestingShipIOTests */,
				77DB9BDC1AA90190001EAB7A /* Products */,
			);
			sourceTree = "<group>";
		};
		77DB9BDC1AA90190001EAB7A /* Products */ = {
			isa = PBXGroup;
			children = (
				77DB9BDB1AA90190001EAB7A /* TestingShipIO.app */,
				77DB9BF01AA90190001EAB7A /* TestingShipIOTests.xctest */,
			);
			name = Products;
			sourceTree = "<group>";
		};
		77DB9BDD1AA90190001EAB7A /* TestingShipIO */ = {
			isa = PBXGroup;
			children = (
				77DB9BE01AA90190001EAB7A /* AppDelegate.swift */,
				77DB9BE21AA90190001EAB7A /* ViewController.swift */,
				77DB9BE41AA90190001EAB7A /* Main.storyboard */,
				77DB9BE71AA90190001EAB7A /* Images.xcassets */,
				77DB9BE91AA90190001EAB7A /* LaunchScreen.xib */,
				77DB9BDE1AA90190001EAB7A /* Supporting Files */,
			);
			path = TestingShipIO;
			sourceTree = "<group>";
		};
		77DB9BDE1AA90190001EAB7A /* Supporting Files */ = {
			isa = PBXGroup;
			children = (
				77DB9BDF1AA90190001EAB7A /* Info.plist */,
			);
			name = "Supporting Files";
			sourceTree = "<group>";
		};
		77DB9BF31AA90190001EAB7A /* TestingShipIOTests */ = {
			isa = PBXGroup;
			children = (
				77DB9BF61AA90190001EAB7A /* TestingShipIOTests.swift */,
				77DB9BF41AA90190001EAB7A /* Supporting Files */,
			);
			path = TestingShipIOTests;
			sourceTree = "<group>";
		};
		77DB9BF41AA90190001EAB7A /* Supporting Files */ = {
			isa = PBXGroup;
			children = (
				77DB9BF51AA90190001EAB7A /* Info.plist */,
			);
			name = "Supporting Files";
			sourceTree = "<group>";
		};
/* End PBXGroup section */

/* Begin PBXNativeTarget section */
		77DB9BDA1AA90190001EAB7A /* TestingShipIO */ = {
			isa = PBXNativeTarget;
			buildConfigurationList = 77DB9BFA1AA90190001EAB7A /* Build configuration list for PBXNativeTarget "TestingShipIO" */;
			buildPhases = (
				77DB9BD71AA90190001EAB7A /* Sources */,
				77DB9BD81AA90190001EAB7A /* Frameworks */,
				77DB9BD91AA90190001EAB7A /* Resources */,
			);
			buildRules = (
			);
			dependencies = (
			);
			name = TestingShipIO;
			productName = TestingShipIO;
			productReference = 77DB9BDB1AA90190001EAB7A /* TestingShipIO.app */;
			productType = "com.apple.product-type.application";
		};
		77DB9BEF1AA90190001EAB7A /* TestingShipIOTests */ = {
			isa = PBXNativeTarget;
			buildConfigurationList = 77DB9BFD1AA90190001EAB7A /* Build configuration list for PBXNativeTarget "TestingShipIOTests" */;
			buildPhases = (
				77DB9BEC1AA90190001EAB7A /* Sources */,
				77DB9BED1AA90190001EAB7A /* Frameworks */,
				77DB9BEE1AA90190001EAB7A /* Resources */,
			);
			buildRules = (
			);
			dependencies = (
				77DB9BF21AA90190001EAB7A /* PBXTargetDependency */,
			);
			name = TestingShipIOTests;
			productName = TestingShipIOTests;
			productReference = 77DB9BF01AA90190001EAB7A /* TestingShipIOTests.xctest */;
			productType = "com.apple.product-type.bundle.unit-test";
		};
/* End PBXNativeTarget section */

/* Begin PBXProject section */
		77DB9BD31AA90190001EAB7A /* Project object */ = {
			isa = PBXProject;
			attributes = {
				LastUpgradeCheck = 0610;
				ORGANIZATIONNAME = "Carlos Compean";
				TargetAttributes = {
					77DB9BDA1AA90190001EAB7A = {
						CreatedOnToolsVersion = 6.1.1;
					};
					77DB9BEF1AA90190001EAB7A = {
						CreatedOnToolsVersion = 6.1.1;
						TestTargetID = 77DB9BDA1AA90190001EAB7A;
					};
				};
			};
			buildConfigurationList = 77DB9BD61AA90190001EAB7A /* Build configuration list for PBXProject "TestingShipIO" */;
			compatibilityVersion = "Xcode 3.2";
			developmentRegion = English;
			hasScannedForEncodings = 0;
			knownRegions = (
				en,
				Base,
			);
			mainGroup = 77DB9BD21AA90190001EAB7A;
			productRefGroup = 77DB9BDC1AA90190001EAB7A /* Products */;
			projectDirPath = "";
			projectRoot = "";
			targets = (
				77DB9BDA1AA90190001EAB7A /* TestingShipIO */,
				77DB9BEF1AA90190001EAB7A /* TestingShipIOTests */,
			);
		};
/* End PBXProject section */

/* Begin PBXResourcesBuildPhase section */
		77DB9BD91AA90190001EAB7A /* Resources */ = {
			isa = PBXResourcesBuildPhase;
			buildActionMask = 2147483647;
			files = (
				77DB9BE61AA90190001EAB7A /* Main.storyboard in Resources */,
				77DB9BEB1AA90190001EAB7A /* LaunchScreen.xib in Resources */,
				77DB9BE81AA90190001EAB7A /* Images.xcassets in Resources */,
			);
			runOnlyForDeploymentPostprocessing = 0;
		};
		77DB9BEE1AA90190001EAB7A /* Resources */ = {
			isa = PBXResourcesBuildPhase;
			buildActionMask = 2147483647;
			files = (
			);
			runOnlyForDeploymentPostprocessing = 0;
		};
/* End PBXResourcesBuildPhase section */

/* Begin PBXSourcesBuildPhase section */
		77DB9BD71AA90190001EAB7A /* Sources */ = {
			isa = PBXSourcesBuildPhase;
			buildActionMask = 2147483647;
			files = (
				77DB9BE31AA90190001EAB7A /* ViewController.swift in Sources */,
				77DB9BE11AA90190001EAB7A /* AppDelegate.swift in Sources */,
			);
			runOnlyForDeploymentPostprocessing = 0;
		};
		77DB9BEC1AA90190001EAB7A /* Sources */ = {
			isa = PBXSourcesBuildPhase;
			buildActionMask = 2147483647;
			files = (
				77DB9BF71AA90190001EAB7A /* TestingShipIOTests.swift in Sources */,
			);
			runOnlyForDeploymentPostprocessing = 0;
		};
/* End PBXSourcesBuildPhase section */

/* Begin PBXTargetDependency section */
		77DB9BF21AA90190001EAB7A /* PBXTargetDependency */ = {
			isa = PBXTargetDependency;
			target = 77DB9BDA1AA90190001EAB7A /* TestingShipIO */;
			targetProxy = 77DB9BF11AA90190001EAB7A /* PBXContainerItemProxy */;
		};
/* End PBXTargetDependency section */

/* Begin PBXVariantGroup section */
		77DB9BE41AA90190001EAB7A /* Main.storyboard */ = {
			isa = PBXVariantGroup;
			children = (
				77DB9BE51AA90190001EAB7A /* Base */,
			);
			name = Main.storyboard;
			sourceTree = "<group>";
		};
		77DB9BE91AA90190001EAB7A /* LaunchScreen.xib */ = {
			isa = PBXVariantGroup;
			children = (
				77DB9BEA1AA90190001EAB7A /* Base */,
			);
			name = LaunchScreen.xib;
			sourceTree = "<group>";
		};
/* End PBXVariantGroup section */

/* Begin XCBuildConfiguration section */
		77DB9BF81AA90190001EAB7A /* Debug */ = {
			isa = XCBuildConfiguration;
			buildSettings = {
				ALWAYS_SEARCH_USER_PATHS = NO;
				CLANG_CXX_LANGUAGE_STANDARD = "gnu++0x";
				CLANG_CXX_LIBRARY = "libc++";
				CLANG_ENABLE_MODULES = YES;
				CLANG_ENABLE_OBJC_ARC = YES;
				CLANG_WARN_BOOL_CONVERSION = YES;
				CLANG_WARN_CONSTANT_CONVERSION = YES;
				CLANG_WARN_DIRECT_OBJC_ISA_USAGE = YES_ERROR;
				CLANG_WARN_EMPTY_BODY = YES;
				CLANG_WARN_ENUM_CONVERSION = YES;
				CLANG_WARN_INT_CONVERSION = YES;
				CLANG_WARN_OBJC_ROOT_CLASS = YES_ERROR;
				CLANG_WARN_UNREACHABLE_CODE = YES;
				CLANG_WARN__DUPLICATE_METHOD_MATCH = YES;
				"CODE_SIGN_IDENTITY[sdk=iphoneos*]" = "iPhone Developer";
				COPY_PHASE_STRIP = NO;
				ENABLE_STRICT_OBJC_MSGSEND = YES;
				GCC_C_LANGUAGE_STANDARD = gnu99;
				GCC_DYNAMIC_NO_PIC = NO;
				GCC_OPTIMIZATION_LEVEL = 0;
				GCC_PREPROCESSOR_DEFINITIONS = (
					"DEBUG=1",
					"$(inherited)",
				);
				GCC_SYMBOLS_PRIVATE_EXTERN = NO;
				GCC_WARN_64_TO_32_BIT_CONVERSION = YES;
				GCC_WARN_ABOUT_RETURN_TYPE = YES_ERROR;
				GCC_WARN_UNDECLARED_SELECTOR = YES;
				GCC_WARN_UNINITIALIZED_AUTOS = YES_AGGRESSIVE;
				GCC_WARN_UNUSED_FUNCTION = YES;
				GCC_WARN_UNUSED_VARIABLE = YES;
				IPHONEOS_DEPLOYMENT_TARGET = 8.1;
				MTL_ENABLE_DEBUG_INFO = YES;
				ONLY_ACTIVE_ARCH = YES;
				SDKROOT = iphoneos;
				SWIFT_OPTIMIZATION_LEVEL = "-Onone";
				TARGETED_DEVICE_FAMILY = "1,2";
			};
			name = Debug;
		};
		77DB9BF91AA90190001EAB7A /* Release */ = {
			isa = XCBuildConfiguration;
			buildSettings = {
				ALWAYS_SEARCH_USER_PATHS = NO;
				CLANG_CXX_LANGUAGE_STANDARD = "gnu++0x";
				CLANG_CXX_LIBRARY = "libc++";
				CLANG_ENABLE_MODULES = YES;
				CLANG_ENABLE_OBJC_ARC = YES;
				CLANG_WARN_BOOL_CONVERSION = YES;
				CLANG_WARN_CONSTANT_CONVERSION = YES;
				CLANG_WARN_DIRECT_OBJC_ISA_USAGE = YES_ERROR;
				CLANG_WARN_EMPTY_BODY = YES;
				CLANG_WARN_ENUM_CONVERSION = YES;
				CLANG_WARN_INT_CONVERSION = YES;
				CLANG_WARN_OBJC_ROOT_CLASS = YES_ERROR;
				CLANG_WARN_UNREACHABLE_CODE = YES;
				CLANG_WARN__DUPLICATE_METHOD_MATCH = YES;
				"CODE_SIGN_IDENTITY[sdk=iphoneos*]" = "iPhone Developer";
				COPY_PHASE_STRIP = YES;
				ENABLE_NS_ASSERTIONS = NO;
				ENABLE_STRICT_OBJC_MSGSEND = YES;
				GCC_C_LANGUAGE_STANDARD = gnu99;
				GCC_WARN_64_TO_32_BIT_CONVERSION = YES;
				GCC_WARN_ABOUT_RETURN_TYPE = YES_ERROR;
				GCC_WARN_UNDECLARED_SELECTOR = YES;
				GCC_WARN_UNINITIALIZED_AUTOS = YES_AGGRESSIVE;
				GCC_WARN_UNUSED_FUNCTION = YES;
				GCC_WARN_UNUSED_VARIABLE = YES;
				IPHONEOS_DEPLOYMENT_TARGET = 8.1;
				MTL_ENABLE_DEBUG_INFO = NO;
				SDKROOT = iphoneos;
				TARGETED_DEVICE_FAMILY = "1,2";
				VALIDATE_PRODUCT = YES;
			};
			name = Release;
		};
		77DB9BFB1AA90190001EAB7A /* Debug */ = {
			isa = XCBuildConfiguration;
			buildSettings = {
				ASSETCATALOG_COMPILER_APPICON_NAME = AppIcon;
				INFOPLIST_FILE = TestingShipIO/Info.plist;
				LD_RUNPATH_SEARCH_PATHS = "$(inherited) @executable_path/Frameworks";
				PRODUCT_NAME = "$(TARGET_NAME)";
			};
			name = Debug;
		};
		77DB9BFC1AA90190001EAB7A /* Release */ = {
			isa = XCBuildConfiguration;
			buildSettings = {
				ASSETCATALOG_COMPILER_APPICON_NAME = AppIcon;
				INFOPLIST_FILE = TestingShipIO/Info.plist;
				LD_RUNPATH_SEARCH_PATHS = "$(inherited) @executable_path/Frameworks";
				PRODUCT_NAME = "$(TARGET_NAME)";
			};
			name = Release;
		};
		77DB9BFE1AA90190001EAB7A /* Debug */ = {
			isa = XCBuildConfiguration;
			buildSettings = {
				BUNDLE_LOADER = "$(TEST_HOST)";
				FRAMEWORK_SEARCH_PATHS = (
					"$(SDKROOT)/Developer/Library/Frameworks",
					"$(inherited)",
				);
				GCC_PREPROCESSOR_DEFINITIONS = (
					"DEBUG=1",
					"$(inherited)",
				);
				INFOPLIST_FILE = TestingShipIOTests/Info.plist;
				LD_RUNPATH_SEARCH_PATHS = "$(inherited) @executable_path/Frameworks @loader_path/Frameworks";
				PRODUCT_NAME = "$(TARGET_NAME)";
				TEST_HOST = "$(BUILT_PRODUCTS_DIR)/TestingShipIO.app/TestingShipIO";
			};
			name = Debug;
		};
		77DB9BFF1AA90190001EAB7A /* Release */ = {
			isa = XCBuildConfiguration;
			buildSettings = {
				BUNDLE_LOADER = "$(TEST_HOST)";
				FRAMEWORK_SEARCH_PATHS = (
					"$(SDKROOT)/Developer/Library/Frameworks",
					"$(inherited)",
				);
				INFOPLIST_FILE = TestingShipIOTests/Info.plist;
				LD_RUNPATH_SEARCH_PATHS = "$(inherited) @executable_path/Frameworks @loader_path/Frameworks";
				PRODUCT_NAME = "$(TARGET_NAME)";
				TEST_HOST = "$(BUILT_PRODUCTS_DIR)/TestingShipIO.app/TestingShipIO";
			};
			name = Release;
		};
/* End XCBuildConfiguration section */

/* Begin XCConfigurationList section */
		77DB9BD61AA90190001EAB7A /* Build configuration list for PBXProject "TestingShipIO" */ = {
			isa = XCConfigurationList;
			buildConfigurations = (
				77DB9BF81AA90190001EAB7A /* Debug */,
				77DB9BF91AA90190001EAB7A /* Release */,
			);
			defaultConfigurationIsVisible = 0;
			defaultConfigurationName = Release;
		};
		77DB9BFA1AA90190001EAB7A /* Build configuration list for PBXNativeTarget "TestingShipIO" */ = {
			isa = XCConfigurationList;
			buildConfigurations = (
				77DB9BFB1AA90190001EAB7A /* Debug */,
				77DB9BFC1AA90190001EAB7A /* Release */,
			);
			defaultConfigurationIsVisible = 0;
		};
		77DB9BFD1AA90190001EAB7A /* Build configuration list for PBXNativeTarget "TestingShipIOTests" */ = {
			isa = XCConfigurationList;
			buildConfigurations = (
				77DB9BFE1AA90190001EAB7A /* Debug */,
				77DB9BFF1AA90190001EAB7A /* Release */,
			);
			defaultConfigurationIsVisible = 0;
		};
/* End XCConfigurationList section */
	};
	rootObject = 77DB9BD31AA90190001EAB7A /* Project object */;
}
