// !$*UTF8*$!
{
	archiveVersion = 1;
	classes = {
	};
	objectVersion = 46;
	objects = {

/* Begin PBXBuildFile section */
		7717C6201B99255B0031E855 /* Operations.swift in Sources */ = {isa = PBXBuildFile; fileRef = 7717C61F1B99255B0031E855 /* Operations.swift */; };
		7717C6231B9A2B6E0031E855 /* TestOperations.swift in Sources */ = {isa = PBXBuildFile; fileRef = 7717C6221B9A2B6E0031E855 /* TestOperations.swift */; };
		7734FBC81AAE24A300534B58 /* Crashlytics.framework in Frameworks */ = {isa = PBXBuildFile; fileRef = 7734FBC61AAE24A300534B58 /* Crashlytics.framework */; };
		7734FBC91AAE24A300534B58 /* Fabric.framework in Frameworks */ = {isa = PBXBuildFile; fileRef = 7734FBC71AAE24A300534B58 /* Fabric.framework */; };
		77DB9BE11AA90190001EAB7A /* AppDelegate.swift in Sources */ = {isa = PBXBuildFile; fileRef = 77DB9BE01AA90190001EAB7A /* AppDelegate.swift */; };
		77DB9BE31AA90190001EAB7A /* ViewController.swift in Sources */ = {isa = PBXBuildFile; fileRef = 77DB9BE21AA90190001EAB7A /* ViewController.swift */; };
		77DB9BE61AA90190001EAB7A /* Main.storyboard in Resources */ = {isa = PBXBuildFile; fileRef = 77DB9BE41AA90190001EAB7A /* Main.storyboard */; };
		77DB9BE81AA90190001EAB7A /* Images.xcassets in Resources */ = {isa = PBXBuildFile; fileRef = 77DB9BE71AA90190001EAB7A /* Images.xcassets */; };
		77DB9BEB1AA90190001EAB7A /* LaunchScreen.xib in Resources */ = {isa = PBXBuildFile; fileRef = 77DB9BE91AA90190001EAB7A /* LaunchScreen.xib */; };
		77DB9BF71AA90190001EAB7A /* TestingShipIOTests.swift in Sources */ = {isa = PBXBuildFile; fileRef = 77DB9BF61AA90190001EAB7A /* TestingShipIOTests.swift */; };
		9BC51C20F3FC950CB7C1BFA4 /* Pods_TestingShipIO.framework in Frameworks */ = {isa = PBXBuildFile; fileRef = B0DA2A09F3D5A25BC8717AA3 /* Pods_TestingShipIO.framework */; settings = {ATTRIBUTES = (Weak, ); }; };
/* End PBXBuildFile section */

/* Begin PBXContainerItemProxy section */
		77DB9BF11AA90190001EAB7A /* PBXContainerItemProxy */ = {
			isa = PBXContainerItemProxy;
			containerPortal = 77DB9BD31AA90190001EAB7A /* Project object */;
			proxyType = 1;
			remoteGlobalIDString = 77DB9BDA1AA90190001EAB7A;
			remoteInfo = TestingShipIO;
		};
/* End PBXContainerItemProxy section */

/* Begin PBXFileReference section */
		11FB3339A24974F8F4D60A55 /* Pods-TestingShipIO.debug.xcconfig */ = {isa = PBXFileReference; includeInIndex = 1; lastKnownFileType = text.xcconfig; name = "Pods-TestingShipIO.debug.xcconfig"; path = "Pods/Target Support Files/Pods-TestingShipIO/Pods-TestingShipIO.debug.xcconfig"; sourceTree = "<group>"; };
		1CB86B7774FAD3A4462B3369 /* Pods-TestingShipIOTests.production.xcconfig */ = {isa = PBXFileReference; includeInIndex = 1; lastKnownFileType = text.xcconfig; name = "Pods-TestingShipIOTests.production.xcconfig"; path = "Pods/Target Support Files/Pods-TestingShipIOTests/Pods-TestingShipIOTests.production.xcconfig"; sourceTree = "<group>"; };
		322515114D6820B2B635E110 /* Pods-TestingShipIOTests.release.xcconfig */ = {isa = PBXFileReference; includeInIndex = 1; lastKnownFileType = text.xcconfig; name = "Pods-TestingShipIOTests.release.xcconfig"; path = "Pods/Target Support Files/Pods-TestingShipIOTests/Pods-TestingShipIOTests.release.xcconfig"; sourceTree = "<group>"; };
		32AC65BDAFA1CCE590F58CB2 /* Pods-TestingShipIO.release.xcconfig */ = {isa = PBXFileReference; includeInIndex = 1; lastKnownFileType = text.xcconfig; name = "Pods-TestingShipIO.release.xcconfig"; path = "Pods/Target Support Files/Pods-TestingShipIO/Pods-TestingShipIO.release.xcconfig"; sourceTree = "<group>"; };
		647AC2099BFBA94275602C17 /* Pods_TestingShipIOTests.framework */ = {isa = PBXFileReference; explicitFileType = wrapper.framework; includeInIndex = 0; path = Pods_TestingShipIOTests.framework; sourceTree = BUILT_PRODUCTS_DIR; };
		64975AB0ABD6F88376429A3B /* Pods-TestingShipIO.production.xcconfig */ = {isa = PBXFileReference; includeInIndex = 1; lastKnownFileType = text.xcconfig; name = "Pods-TestingShipIO.production.xcconfig"; path = "Pods/Target Support Files/Pods-TestingShipIO/Pods-TestingShipIO.production.xcconfig"; sourceTree = "<group>"; };
		7717C61F1B99255B0031E855 /* Operations.swift */ = {isa = PBXFileReference; fileEncoding = 4; lastKnownFileType = sourcecode.swift; path = Operations.swift; sourceTree = "<group>"; };
		7717C6221B9A2B6E0031E855 /* TestOperations.swift */ = {isa = PBXFileReference; fileEncoding = 4; lastKnownFileType = sourcecode.swift; path = TestOperations.swift; sourceTree = "<group>"; };
		7717C6241B9A2F9C0031E855 /* TestingShipIOTests-BridgingHeader.h */ = {isa = PBXFileReference; fileEncoding = 4; lastKnownFileType = sourcecode.c.h; path = "TestingShipIOTests-BridgingHeader.h"; sourceTree = "<group>"; };
		771A5A631AB11D0C00D6197D /* TestingShipIOBridgingHeader.h */ = {isa = PBXFileReference; lastKnownFileType = sourcecode.c.h; path = TestingShipIOBridgingHeader.h; sourceTree = "<group>"; };
		7734FBC61AAE24A300534B58 /* Crashlytics.framework */ = {isa = PBXFileReference; lastKnownFileType = wrapper.framework; path = Crashlytics.framework; sourceTree = "<group>"; };
		7734FBC71AAE24A300534B58 /* Fabric.framework */ = {isa = PBXFileReference; lastKnownFileType = wrapper.framework; path = Fabric.framework; sourceTree = "<group>"; };
		77DB9BDB1AA90190001EAB7A /* TestingShipIO.app */ = {isa = PBXFileReference; explicitFileType = wrapper.application; includeInIndex = 0; path = TestingShipIO.app; sourceTree = BUILT_PRODUCTS_DIR; };
		77DB9BDF1AA90190001EAB7A /* Info.plist */ = {isa = PBXFileReference; lastKnownFileType = text.plist.xml; path = Info.plist; sourceTree = "<group>"; };
		77DB9BE01AA90190001EAB7A /* AppDelegate.swift */ = {isa = PBXFileReference; lastKnownFileType = sourcecode.swift; path = AppDelegate.swift; sourceTree = "<group>"; };
		77DB9BE21AA90190001EAB7A /* ViewController.swift */ = {isa = PBXFileReference; lastKnownFileType = sourcecode.swift; path = ViewController.swift; sourceTree = "<group>"; };
		77DB9BE51AA90190001EAB7A /* Base */ = {isa = PBXFileReference; lastKnownFileType = file.storyboard; name = Base; path = Base.lproj/Main.storyboard; sourceTree = "<group>"; };
		77DB9BE71AA90190001EAB7A /* Images.xcassets */ = {isa = PBXFileReference; lastKnownFileType = folder.assetcatalog; path = Images.xcassets; sourceTree = "<group>"; };
		77DB9BEA1AA90190001EAB7A /* Base */ = {isa = PBXFileReference; lastKnownFileType = file.xib; name = Base; path = Base.lproj/LaunchScreen.xib; sourceTree = "<group>"; };
		77DB9BF01AA90190001EAB7A /* TestingShipIOTests.xctest */ = {isa = PBXFileReference; explicitFileType = wrapper.cfbundle; includeInIndex = 0; path = TestingShipIOTests.xctest; sourceTree = BUILT_PRODUCTS_DIR; };
		77DB9BF51AA90190001EAB7A /* Info.plist */ = {isa = PBXFileReference; lastKnownFileType = text.plist.xml; path = Info.plist; sourceTree = "<group>"; };
		77DB9BF61AA90190001EAB7A /* TestingShipIOTests.swift */ = {isa = PBXFileReference; lastKnownFileType = sourcecode.swift; path = TestingShipIOTests.swift; sourceTree = "<group>"; };
		8F9BED04FA25EC13C3F8E11F /* Pods-TestingShipIOTests.debug.xcconfig */ = {isa = PBXFileReference; includeInIndex = 1; lastKnownFileType = text.xcconfig; name = "Pods-TestingShipIOTests.debug.xcconfig"; path = "Pods/Target Support Files/Pods-TestingShipIOTests/Pods-TestingShipIOTests.debug.xcconfig"; sourceTree = "<group>"; };
		B0DA2A09F3D5A25BC8717AA3 /* Pods_TestingShipIO.framework */ = {isa = PBXFileReference; explicitFileType = wrapper.framework; includeInIndex = 0; path = Pods_TestingShipIO.framework; sourceTree = BUILT_PRODUCTS_DIR; };
/* End PBXFileReference section */

/* Begin PBXFrameworksBuildPhase section */
		77DB9BD81AA90190001EAB7A /* Frameworks */ = {
			isa = PBXFrameworksBuildPhase;
			buildActionMask = 2147483647;
			files = (
				7734FBC81AAE24A300534B58 /* Crashlytics.framework in Frameworks */,
				7734FBC91AAE24A300534B58 /* Fabric.framework in Frameworks */,
				9BC51C20F3FC950CB7C1BFA4 /* Pods_TestingShipIO.framework in Frameworks */,
			);
			runOnlyForDeploymentPostprocessing = 0;
		};
		77DB9BED1AA90190001EAB7A /* Frameworks */ = {
			isa = PBXFrameworksBuildPhase;
			buildActionMask = 2147483647;
			files = (
			);
			runOnlyForDeploymentPostprocessing = 0;
		};
/* End PBXFrameworksBuildPhase section */

/* Begin PBXGroup section */
		1A916161D5EB9CA40E2F7DA2 /* Frameworks */ = {
			isa = PBXGroup;
			children = (
				7734FBC61AAE24A300534B58 /* Crashlytics.framework */,
				7734FBC71AAE24A300534B58 /* Fabric.framework */,
				B0DA2A09F3D5A25BC8717AA3 /* Pods_TestingShipIO.framework */,
				647AC2099BFBA94275602C17 /* Pods_TestingShipIOTests.framework */,
			);
			name = Frameworks;
			sourceTree = "<group>";
		};
		77DB9BD21AA90190001EAB7A = {
			isa = PBXGroup;
			children = (
				77DB9BDD1AA90190001EAB7A /* TestingShipIO */,
				77DB9BF31AA90190001EAB7A /* TestingShipIOTests */,
				77DB9BDC1AA90190001EAB7A /* Products */,
				D457BA40C4491E1AB44E9B93 /* Pods */,
				1A916161D5EB9CA40E2F7DA2 /* Frameworks */,
			);
			sourceTree = "<group>";
		};
		77DB9BDC1AA90190001EAB7A /* Products */ = {
			isa = PBXGroup;
			children = (
				77DB9BDB1AA90190001EAB7A /* TestingShipIO.app */,
				77DB9BF01AA90190001EAB7A /* TestingShipIOTests.xctest */,
			);
			name = Products;
			sourceTree = "<group>";
		};
		77DB9BDD1AA90190001EAB7A /* TestingShipIO */ = {
			isa = PBXGroup;
			children = (
				77DB9BE01AA90190001EAB7A /* AppDelegate.swift */,
				77DB9BE21AA90190001EAB7A /* ViewController.swift */,
				77DB9BE41AA90190001EAB7A /* Main.storyboard */,
				77DB9BE71AA90190001EAB7A /* Images.xcassets */,
				77DB9BE91AA90190001EAB7A /* LaunchScreen.xib */,
				77DB9BDE1AA90190001EAB7A /* Supporting Files */,
				771A5A631AB11D0C00D6197D /* TestingShipIOBridgingHeader.h */,
				7717C61F1B99255B0031E855 /* Operations.swift */,
			);
			path = TestingShipIO;
			sourceTree = "<group>";
		};
		77DB9BDE1AA90190001EAB7A /* Supporting Files */ = {
			isa = PBXGroup;
			children = (
				77DB9BDF1AA90190001EAB7A /* Info.plist */,
			);
			name = "Supporting Files";
			sourceTree = "<group>";
		};
		77DB9BF31AA90190001EAB7A /* TestingShipIOTests */ = {
			isa = PBXGroup;
			children = (
				77DB9BF61AA90190001EAB7A /* TestingShipIOTests.swift */,
				7717C6221B9A2B6E0031E855 /* TestOperations.swift */,
				7717C6241B9A2F9C0031E855 /* TestingShipIOTests-BridgingHeader.h */,
				77DB9BF41AA90190001EAB7A /* Supporting Files */,
			);
			path = TestingShipIOTests;
			sourceTree = "<group>";
		};
		77DB9BF41AA90190001EAB7A /* Supporting Files */ = {
			isa = PBXGroup;
			children = (
				77DB9BF51AA90190001EAB7A /* Info.plist */,
			);
			name = "Supporting Files";
			sourceTree = "<group>";
		};
		D457BA40C4491E1AB44E9B93 /* Pods */ = {
			isa = PBXGroup;
			children = (
				11FB3339A24974F8F4D60A55 /* Pods-TestingShipIO.debug.xcconfig */,
				32AC65BDAFA1CCE590F58CB2 /* Pods-TestingShipIO.release.xcconfig */,
				64975AB0ABD6F88376429A3B /* Pods-TestingShipIO.production.xcconfig */,
				8F9BED04FA25EC13C3F8E11F /* Pods-TestingShipIOTests.debug.xcconfig */,
				1CB86B7774FAD3A4462B3369 /* Pods-TestingShipIOTests.production.xcconfig */,
				322515114D6820B2B635E110 /* Pods-TestingShipIOTests.release.xcconfig */,
			);
			name = Pods;
			sourceTree = "<group>";
		};
/* End PBXGroup section */

/* Begin PBXNativeTarget section */
		77DB9BDA1AA90190001EAB7A /* TestingShipIO */ = {
			isa = PBXNativeTarget;
			buildConfigurationList = 77DB9BFA1AA90190001EAB7A /* Build configuration list for PBXNativeTarget "TestingShipIO" */;
			buildPhases = (
				90897A8F32FD6162D6550D5D /* Check Pods Manifest.lock */,
				77DB9BD71AA90190001EAB7A /* Sources */,
				77DB9BD81AA90190001EAB7A /* Frameworks */,
				77DB9BD91AA90190001EAB7A /* Resources */,
				0C9FCE66E1B3B6459FE12091 /* Copy Pods Resources */,
				7734FBC51AAE248000534B58 /* ShellScript */,
				F1EF8B88986E8C0406C64BFB /* Embed Pods Frameworks */,
			);
			buildRules = (
			);
			dependencies = (
			);
			name = TestingShipIO;
			productName = TestingShipIO;
			productReference = 77DB9BDB1AA90190001EAB7A /* TestingShipIO.app */;
			productType = "com.apple.product-type.application";
		};
		77DB9BEF1AA90190001EAB7A /* TestingShipIOTests */ = {
			isa = PBXNativeTarget;
			buildConfigurationList = 77DB9BFD1AA90190001EAB7A /* Build configuration list for PBXNativeTarget "TestingShipIOTests" */;
			buildPhases = (
				77DB9BEC1AA90190001EAB7A /* Sources */,
				77DB9BED1AA90190001EAB7A /* Frameworks */,
				77DB9BEE1AA90190001EAB7A /* Resources */,
			);
			buildRules = (
			);
			dependencies = (
				77DB9BF21AA90190001EAB7A /* PBXTargetDependency */,
			);
			name = TestingShipIOTests;
			productName = TestingShipIOTests;
			productReference = 77DB9BF01AA90190001EAB7A /* TestingShipIOTests.xctest */;
			productType = "com.apple.product-type.bundle.unit-test";
		};
/* End PBXNativeTarget section */

/* Begin PBXProject section */
		77DB9BD31AA90190001EAB7A /* Project object */ = {
			isa = PBXProject;
			attributes = {
				LastSwiftUpdateCheck = 0700;
				LastUpgradeCheck = 0710;
				ORGANIZATIONNAME = "Carlos Compean";
				TargetAttributes = {
					77DB9BDA1AA90190001EAB7A = {
						CreatedOnToolsVersion = 6.1.1;
						DevelopmentTeam = TAGM86AK24;
					};
					77DB9BEF1AA90190001EAB7A = {
						CreatedOnToolsVersion = 6.1.1;
						TestTargetID = 77DB9BDA1AA90190001EAB7A;
					};
				};
			};
			buildConfigurationList = 77DB9BD61AA90190001EAB7A /* Build configuration list for PBXProject "TestingShipIO" */;
			compatibilityVersion = "Xcode 3.2";
			developmentRegion = English;
			hasScannedForEncodings = 0;
			knownRegions = (
				en,
				Base,
			);
			mainGroup = 77DB9BD21AA90190001EAB7A;
			productRefGroup = 77DB9BDC1AA90190001EAB7A /* Products */;
			projectDirPath = "";
			projectRoot = "";
			targets = (
				77DB9BDA1AA90190001EAB7A /* TestingShipIO */,
				77DB9BEF1AA90190001EAB7A /* TestingShipIOTests */,
			);
		};
/* End PBXProject section */

/* Begin PBXResourcesBuildPhase section */
		77DB9BD91AA90190001EAB7A /* Resources */ = {
			isa = PBXResourcesBuildPhase;
			buildActionMask = 2147483647;
			files = (
				77DB9BE61AA90190001EAB7A /* Main.storyboard in Resources */,
				77DB9BEB1AA90190001EAB7A /* LaunchScreen.xib in Resources */,
				77DB9BE81AA90190001EAB7A /* Images.xcassets in Resources */,
			);
			runOnlyForDeploymentPostprocessing = 0;
		};
		77DB9BEE1AA90190001EAB7A /* Resources */ = {
			isa = PBXResourcesBuildPhase;
			buildActionMask = 2147483647;
			files = (
			);
			runOnlyForDeploymentPostprocessing = 0;
		};
/* End PBXResourcesBuildPhase section */

/* Begin PBXShellScriptBuildPhase section */
		0C9FCE66E1B3B6459FE12091 /* Copy Pods Resources */ = {
			isa = PBXShellScriptBuildPhase;
			buildActionMask = 2147483647;
			files = (
			);
			inputPaths = (
			);
			name = "Copy Pods Resources";
			outputPaths = (
			);
			runOnlyForDeploymentPostprocessing = 0;
			shellPath = /bin/sh;
			shellScript = "\"${SRCROOT}/Pods/Target Support Files/Pods-TestingShipIO/Pods-TestingShipIO-resources.sh\"\n";
			showEnvVarsInLog = 0;
		};
		7734FBC51AAE248000534B58 /* ShellScript */ = {
			isa = PBXShellScriptBuildPhase;
			buildActionMask = 2147483647;
			files = (
			);
			inputPaths = (
			);
			outputPaths = (
			);
			runOnlyForDeploymentPostprocessing = 0;
			shellPath = /bin/sh;
			shellScript = "./Fabric.framework/run ${FABRIC_API_KEY} ${FABRIC_BUILD_SECRET}\necho ${FABRIC_API_KEY}\necho ${FABRIC_BUILD_SECRET}";
		};
		90897A8F32FD6162D6550D5D /* Check Pods Manifest.lock */ = {
			isa = PBXShellScriptBuildPhase;
			buildActionMask = 2147483647;
			files = (
			);
			inputPaths = (
			);
			name = "Check Pods Manifest.lock";
			outputPaths = (
			);
			runOnlyForDeploymentPostprocessing = 0;
			shellPath = /bin/sh;
			shellScript = "diff \"${PODS_ROOT}/../Podfile.lock\" \"${PODS_ROOT}/Manifest.lock\" > /dev/null\nif [[ $? != 0 ]] ; then\n    cat << EOM\nerror: The sandbox is not in sync with the Podfile.lock. Run 'pod install' or update your CocoaPods installation.\nEOM\n    exit 1\nfi\n";
			showEnvVarsInLog = 0;
		};
		F1EF8B88986E8C0406C64BFB /* Embed Pods Frameworks */ = {
			isa = PBXShellScriptBuildPhase;
			buildActionMask = 2147483647;
			files = (
			);
			inputPaths = (
			);
			name = "Embed Pods Frameworks";
			outputPaths = (
			);
			runOnlyForDeploymentPostprocessing = 0;
			shellPath = /bin/sh;
			shellScript = "\"${SRCROOT}/Pods/Target Support Files/Pods-TestingShipIO/Pods-TestingShipIO-frameworks.sh\"\n";
			showEnvVarsInLog = 0;
		};
/* End PBXShellScriptBuildPhase section */

/* Begin PBXSourcesBuildPhase section */
		77DB9BD71AA90190001EAB7A /* Sources */ = {
			isa = PBXSourcesBuildPhase;
			buildActionMask = 2147483647;
			files = (
				7717C6201B99255B0031E855 /* Operations.swift in Sources */,
				77DB9BE31AA90190001EAB7A /* ViewController.swift in Sources */,
				77DB9BE11AA90190001EAB7A /* AppDelegate.swift in Sources */,
			);
			runOnlyForDeploymentPostprocessing = 0;
		};
		77DB9BEC1AA90190001EAB7A /* Sources */ = {
			isa = PBXSourcesBuildPhase;
			buildActionMask = 2147483647;
			files = (
				7717C6231B9A2B6E0031E855 /* TestOperations.swift in Sources */,
				77DB9BF71AA90190001EAB7A /* TestingShipIOTests.swift in Sources */,
			);
			runOnlyForDeploymentPostprocessing = 0;
		};
/* End PBXSourcesBuildPhase section */

/* Begin PBXTargetDependency section */
		77DB9BF21AA90190001EAB7A /* PBXTargetDependency */ = {
			isa = PBXTargetDependency;
			target = 77DB9BDA1AA90190001EAB7A /* TestingShipIO */;
			targetProxy = 77DB9BF11AA90190001EAB7A /* PBXContainerItemProxy */;
		};
/* End PBXTargetDependency section */

/* Begin PBXVariantGroup section */
		77DB9BE41AA90190001EAB7A /* Main.storyboard */ = {
			isa = PBXVariantGroup;
			children = (
				77DB9BE51AA90190001EAB7A /* Base */,
			);
			name = Main.storyboard;
			sourceTree = "<group>";
		};
		77DB9BE91AA90190001EAB7A /* LaunchScreen.xib */ = {
			isa = PBXVariantGroup;
			children = (
				77DB9BEA1AA90190001EAB7A /* Base */,
			);
			name = LaunchScreen.xib;
			sourceTree = "<group>";
		};
/* End PBXVariantGroup section */

/* Begin XCBuildConfiguration section */
		77ABDE4D1AB8CF93001F0B3A /* Production */ = {
			isa = XCBuildConfiguration;
			buildSettings = {
				ALWAYS_SEARCH_USER_PATHS = NO;
				CLANG_CXX_LANGUAGE_STANDARD = "gnu++0x";
				CLANG_CXX_LIBRARY = "libc++";
				CLANG_ENABLE_MODULES = YES;
				CLANG_ENABLE_OBJC_ARC = YES;
				CLANG_WARN_BOOL_CONVERSION = YES;
				CLANG_WARN_CONSTANT_CONVERSION = YES;
				CLANG_WARN_DIRECT_OBJC_ISA_USAGE = YES_ERROR;
				CLANG_WARN_EMPTY_BODY = YES;
				CLANG_WARN_ENUM_CONVERSION = YES;
				CLANG_WARN_INT_CONVERSION = YES;
				CLANG_WARN_OBJC_ROOT_CLASS = YES_ERROR;
				CLANG_WARN_UNREACHABLE_CODE = YES;
				CLANG_WARN__DUPLICATE_METHOD_MATCH = YES;
				"CODE_SIGN_IDENTITY[sdk=iphoneos*]" = "iPhone Developer";
				COPY_PHASE_STRIP = NO;
				DEFINES_MODULE = YES;
				ENABLE_STRICT_OBJC_MSGSEND = YES;
				GCC_C_LANGUAGE_STANDARD = gnu99;
				GCC_DYNAMIC_NO_PIC = NO;
				GCC_OPTIMIZATION_LEVEL = 0;
				GCC_PREPROCESSOR_DEFINITIONS = (
					"DEBUG=1",
					"$(inherited)",
				);
				GCC_SYMBOLS_PRIVATE_EXTERN = NO;
				GCC_WARN_64_TO_32_BIT_CONVERSION = YES;
				GCC_WARN_ABOUT_RETURN_TYPE = YES_ERROR;
				GCC_WARN_UNDECLARED_SELECTOR = YES;
				GCC_WARN_UNINITIALIZED_AUTOS = YES_AGGRESSIVE;
				GCC_WARN_UNUSED_FUNCTION = YES;
				GCC_WARN_UNUSED_VARIABLE = YES;
				IPHONEOS_DEPLOYMENT_TARGET = 9.0;
				MTL_ENABLE_DEBUG_INFO = YES;
				ONLY_ACTIVE_ARCH = YES;
				SDKROOT = iphoneos;
				SWIFT_OPTIMIZATION_LEVEL = "-Onone";
				TARGETED_DEVICE_FAMILY = "1,2";
			};
			name = Production;
		};
		77ABDE4E1AB8CF93001F0B3A /* Production */ = {
			isa = XCBuildConfiguration;
			baseConfigurationReference = 64975AB0ABD6F88376429A3B /* Pods-TestingShipIO.production.xcconfig */;
			buildSettings = {
				ASSETCATALOG_COMPILER_APPICON_NAME = AppIcon;
				CODE_SIGN_IDENTITY = "iPhone Developer";
				"CODE_SIGN_IDENTITY[sdk=iphoneos*]" = "iPhone Developer";
				ENABLE_BITCODE = NO;
				FABRIC_API_KEY = 3f1102e176e24fb1711ca2ec596ee527c4d294af;
				FABRIC_BUILD_SECRET = 95289138c1e511c6c32c552fcde5925fa87c4ef4fed3ffd035612469b248f1f8;
				FRAMEWORK_SEARCH_PATHS = (
					"$(inherited)",
					"$(PROJECT_DIR)",
				);
				INFOPLIST_FILE = TestingShipIO/Info.plist;
				IPHONEOS_DEPLOYMENT_TARGET = 8.0;
				LD_RUNPATH_SEARCH_PATHS = "$(inherited) @executable_path/Frameworks";
				PRODUCT_BUNDLE_IDENTIFIER = "com.icalialabs.$(PRODUCT_NAME:rfc1034identifier)";
				PRODUCT_NAME = "$(TARGET_NAME)";
				PROVISIONING_PROFILE = "e2278c14-34ab-43a4-8a64-e8ece013d7fe";
				SWIFT_OBJC_BRIDGING_HEADER = TestingShipIO/TestingShipIOBridgingHeader.h;
			};
			name = Production;
		};
		77ABDE4F1AB8CF93001F0B3A /* Production */ = {
			isa = XCBuildConfiguration;
			buildSettings = {
				BUNDLE_LOADER = "$(TEST_HOST)";
				FRAMEWORK_SEARCH_PATHS = (
					"$(SDKROOT)/Developer/Library/Frameworks",
					"$(inherited)",
				);
				GCC_PREPROCESSOR_DEFINITIONS = (
					"DEBUG=1",
					"$(inherited)",
				);
				INFOPLIST_FILE = TestingShipIOTests/Info.plist;
				LD_RUNPATH_SEARCH_PATHS = "$(inherited) @executable_path/Frameworks @loader_path/Frameworks";
				PRODUCT_BUNDLE_IDENTIFIER = "com.icalialabs.$(PRODUCT_NAME:rfc1034identifier)";
				PRODUCT_NAME = "$(TARGET_NAME)";
				SWIFT_OBJC_BRIDGING_HEADER = "TestingShipIOTests/TestingShipIOTests-BridgingHeader.h";
				TEST_HOST = "$(BUILT_PRODUCTS_DIR)/TestingShipIO.app/TestingShipIO";
			};
			name = Production;
		};
		77DB9BF81AA90190001EAB7A /* Debug */ = {
			isa = XCBuildConfiguration;
			buildSettings = {
				ALWAYS_SEARCH_USER_PATHS = NO;
				CLANG_CXX_LANGUAGE_STANDARD = "gnu++0x";
				CLANG_CXX_LIBRARY = "libc++";
				CLANG_ENABLE_MODULES = YES;
				CLANG_ENABLE_OBJC_ARC = YES;
				CLANG_WARN_BOOL_CONVERSION = YES;
				CLANG_WARN_CONSTANT_CONVERSION = YES;
				CLANG_WARN_DIRECT_OBJC_ISA_USAGE = YES_ERROR;
				CLANG_WARN_EMPTY_BODY = YES;
				CLANG_WARN_ENUM_CONVERSION = YES;
				CLANG_WARN_INT_CONVERSION = YES;
				CLANG_WARN_OBJC_ROOT_CLASS = YES_ERROR;
				CLANG_WARN_UNREACHABLE_CODE = YES;
				CLANG_WARN__DUPLICATE_METHOD_MATCH = YES;
				"CODE_SIGN_IDENTITY[sdk=iphoneos*]" = "iPhone Developer";
				COPY_PHASE_STRIP = NO;
				DEFINES_MODULE = YES;
				ENABLE_STRICT_OBJC_MSGSEND = YES;
				ENABLE_TESTABILITY = YES;
				GCC_C_LANGUAGE_STANDARD = gnu99;
				GCC_DYNAMIC_NO_PIC = NO;
				GCC_OPTIMIZATION_LEVEL = 0;
				GCC_PREPROCESSOR_DEFINITIONS = (
					"DEBUG=1",
					"$(inherited)",
				);
				GCC_SYMBOLS_PRIVATE_EXTERN = NO;
				GCC_WARN_64_TO_32_BIT_CONVERSION = YES;
				GCC_WARN_ABOUT_RETURN_TYPE = YES_ERROR;
				GCC_WARN_UNDECLARED_SELECTOR = YES;
				GCC_WARN_UNINITIALIZED_AUTOS = YES_AGGRESSIVE;
				GCC_WARN_UNUSED_FUNCTION = YES;
				GCC_WARN_UNUSED_VARIABLE = YES;
				IPHONEOS_DEPLOYMENT_TARGET = 9.0;
				MTL_ENABLE_DEBUG_INFO = YES;
				ONLY_ACTIVE_ARCH = YES;
				SDKROOT = iphoneos;
				SWIFT_OPTIMIZATION_LEVEL = "-Onone";
				TARGETED_DEVICE_FAMILY = "1,2";
			};
			name = Debug;
		};
		77DB9BF91AA90190001EAB7A /* Release */ = {
			isa = XCBuildConfiguration;
			buildSettings = {
				ALWAYS_SEARCH_USER_PATHS = NO;
				CLANG_CXX_LANGUAGE_STANDARD = "gnu++0x";
				CLANG_CXX_LIBRARY = "libc++";
				CLANG_ENABLE_MODULES = YES;
				CLANG_ENABLE_OBJC_ARC = YES;
				CLANG_WARN_BOOL_CONVERSION = YES;
				CLANG_WARN_CONSTANT_CONVERSION = YES;
				CLANG_WARN_DIRECT_OBJC_ISA_USAGE = YES_ERROR;
				CLANG_WARN_EMPTY_BODY = YES;
				CLANG_WARN_ENUM_CONVERSION = YES;
				CLANG_WARN_INT_CONVERSION = YES;
				CLANG_WARN_OBJC_ROOT_CLASS = YES_ERROR;
				CLANG_WARN_UNREACHABLE_CODE = YES;
				CLANG_WARN__DUPLICATE_METHOD_MATCH = YES;
				"CODE_SIGN_IDENTITY[sdk=iphoneos*]" = "iPhone Developer";
				COPY_PHASE_STRIP = YES;
				DEFINES_MODULE = YES;
				ENABLE_NS_ASSERTIONS = NO;
				ENABLE_STRICT_OBJC_MSGSEND = YES;
				GCC_C_LANGUAGE_STANDARD = gnu99;
				GCC_WARN_64_TO_32_BIT_CONVERSION = YES;
				GCC_WARN_ABOUT_RETURN_TYPE = YES_ERROR;
				GCC_WARN_UNDECLARED_SELECTOR = YES;
				GCC_WARN_UNINITIALIZED_AUTOS = YES_AGGRESSIVE;
				GCC_WARN_UNUSED_FUNCTION = YES;
				GCC_WARN_UNUSED_VARIABLE = YES;
				IPHONEOS_DEPLOYMENT_TARGET = 9.0;
				MTL_ENABLE_DEBUG_INFO = NO;
				SDKROOT = iphoneos;
				TARGETED_DEVICE_FAMILY = "1,2";
				VALIDATE_PRODUCT = YES;
			};
			name = Release;
		};
		77DB9BFB1AA90190001EAB7A /* Debug */ = {
			isa = XCBuildConfiguration;
			baseConfigurationReference = 11FB3339A24974F8F4D60A55 /* Pods-TestingShipIO.debug.xcconfig */;
			buildSettings = {
				ASSETCATALOG_COMPILER_APPICON_NAME = AppIcon;
				CODE_SIGN_IDENTITY = "iPhone Developer";
				"CODE_SIGN_IDENTITY[sdk=iphoneos*]" = "iPhone Developer";
				ENABLE_BITCODE = NO;
				FABRIC_API_KEY = e064c91a3c450398bf46c65dfa28ebad0dc84628;
				FABRIC_BUILD_SECRET = 7f4348c0a4f0d36093e55123ffbdac67d0fb17fde3fd9736f20d83abdfc07700;
				FRAMEWORK_SEARCH_PATHS = (
					"$(inherited)",
					"$(PROJECT_DIR)",
				);
				INFOPLIST_FILE = TestingShipIO/Info.plist;
				IPHONEOS_DEPLOYMENT_TARGET = 8.0;
				LD_RUNPATH_SEARCH_PATHS = "$(inherited) @executable_path/Frameworks";
				PRODUCT_BUNDLE_IDENTIFIER = "com.icalialabs.$(PRODUCT_NAME:rfc1034identifier)";
				PRODUCT_NAME = "$(TARGET_NAME)";
				PROVISIONING_PROFILE = "";
				SWIFT_OBJC_BRIDGING_HEADER = TestingShipIO/TestingShipIOBridgingHeader.h;
			};
			name = Debug;
		};
		77DB9BFC1AA90190001EAB7A /* Release */ = {
			isa = XCBuildConfiguration;
			baseConfigurationReference = 32AC65BDAFA1CCE590F58CB2 /* Pods-TestingShipIO.release.xcconfig */;
			buildSettings = {
				ASSETCATALOG_COMPILER_APPICON_NAME = AppIcon;
				CODE_SIGN_IDENTITY = "iPhone Developer";
				"CODE_SIGN_IDENTITY[sdk=iphoneos*]" = "iPhone Developer";
				ENABLE_BITCODE = NO;
				FABRIC_API_KEY = e064c91a3c450398bf46c65dfa28ebad0dc84628;
				FABRIC_BUILD_SECRET = 7f4348c0a4f0d36093e55123ffbdac67d0fb17fde3fd9736f20d83abdfc07700;
				FRAMEWORK_SEARCH_PATHS = (
					"$(inherited)",
					"$(PROJECT_DIR)",
				);
				INFOPLIST_FILE = TestingShipIO/Info.plist;
				IPHONEOS_DEPLOYMENT_TARGET = 8.0;
				LD_RUNPATH_SEARCH_PATHS = "$(inherited) @executable_path/Frameworks";
				PRODUCT_BUNDLE_IDENTIFIER = "com.icalialabs.$(PRODUCT_NAME:rfc1034identifier)";
				PRODUCT_NAME = "$(TARGET_NAME)";
				PROVISIONING_PROFILE = "e2278c14-34ab-43a4-8a64-e8ece013d7fe";
				SWIFT_OBJC_BRIDGING_HEADER = TestingShipIO/TestingShipIOBridgingHeader.h;
			};
			name = Release;
		};
		77DB9BFE1AA90190001EAB7A /* Debug */ = {
			isa = XCBuildConfiguration;
			buildSettings = {
				BUNDLE_LOADER = "$(TEST_HOST)";
				FRAMEWORK_SEARCH_PATHS = (
					"$(SDKROOT)/Developer/Library/Frameworks",
					"$(inherited)",
				);
				GCC_PREPROCESSOR_DEFINITIONS = (
					"DEBUG=1",
					"$(inherited)",
				);
				INFOPLIST_FILE = TestingShipIOTests/Info.plist;
				LD_RUNPATH_SEARCH_PATHS = "$(inherited) @executable_path/Frameworks @loader_path/Frameworks";
				PRODUCT_BUNDLE_IDENTIFIER = "com.icalialabs.$(PRODUCT_NAME:rfc1034identifier)";
				PRODUCT_NAME = "$(TARGET_NAME)";
				SWIFT_OBJC_BRIDGING_HEADER = "TestingShipIOTests/TestingShipIOTests-BridgingHeader.h";
				TEST_HOST = "$(BUILT_PRODUCTS_DIR)/TestingShipIO.app/TestingShipIO";
			};
			name = Debug;
		};
		77DB9BFF1AA90190001EAB7A /* Release */ = {
			isa = XCBuildConfiguration;
			buildSettings = {
				BUNDLE_LOADER = "$(TEST_HOST)";
				FRAMEWORK_SEARCH_PATHS = (
					"$(SDKROOT)/Developer/Library/Frameworks",
					"$(inherited)",
				);
				INFOPLIST_FILE = TestingShipIOTests/Info.plist;
				LD_RUNPATH_SEARCH_PATHS = "$(inherited) @executable_path/Frameworks @loader_path/Frameworks";
				PRODUCT_BUNDLE_IDENTIFIER = "com.icalialabs.$(PRODUCT_NAME:rfc1034identifier)";
				PRODUCT_NAME = "$(TARGET_NAME)";
				SWIFT_OBJC_BRIDGING_HEADER = "TestingShipIOTests/TestingShipIOTests-BridgingHeader.h";
				TEST_HOST = "$(BUILT_PRODUCTS_DIR)/TestingShipIO.app/TestingShipIO";
			};
			name = Release;
		};
/* End XCBuildConfiguration section */

/* Begin XCConfigurationList section */
		77DB9BD61AA90190001EAB7A /* Build configuration list for PBXProject "TestingShipIO" */ = {
			isa = XCConfigurationList;
			buildConfigurations = (
				77DB9BF81AA90190001EAB7A /* Debug */,
				77ABDE4D1AB8CF93001F0B3A /* Production */,
				77DB9BF91AA90190001EAB7A /* Release */,
			);
			defaultConfigurationIsVisible = 0;
			defaultConfigurationName = Debug;
		};
		77DB9BFA1AA90190001EAB7A /* Build configuration list for PBXNativeTarget "TestingShipIO" */ = {
			isa = XCConfigurationList;
			buildConfigurations = (
				77DB9BFB1AA90190001EAB7A /* Debug */,
				77ABDE4E1AB8CF93001F0B3A /* Production */,
				77DB9BFC1AA90190001EAB7A /* Release */,
			);
			defaultConfigurationIsVisible = 0;
			defaultConfigurationName = Debug;
		};
		77DB9BFD1AA90190001EAB7A /* Build configuration list for PBXNativeTarget "TestingShipIOTests" */ = {
			isa = XCConfigurationList;
			buildConfigurations = (
				77DB9BFE1AA90190001EAB7A /* Debug */,
				77ABDE4F1AB8CF93001F0B3A /* Production */,
				77DB9BFF1AA90190001EAB7A /* Release */,
			);
			defaultConfigurationIsVisible = 0;
			defaultConfigurationName = Debug;
		};
/* End XCConfigurationList section */
	};
	rootObject = 77DB9BD31AA90190001EAB7A /* Project object */;
}
